
Microsoft Visual Studio Solution File, Format Version 12.00
# Visual Studio Version 16
VisualStudioVersion = 16.0.31729.503
MinimumVisualStudioVersion = 10.0.40219.1
Project("{FAE04EC0-301F-11D3-BF4B-00C04F79EFBC}") = "zad10_I_WF", "zad10_I_WF\zad10_I_WF.csproj", "{FE438347-D355-45BC-81EF-6104C95009A3}"
EndProject
Global
	GlobalSection(SolutionConfigurationPlatforms) = preSolution
		Debug|Any CPU = Debug|Any CPU
		Release|Any CPU = Release|Any CPU
	EndGlobalSection
	GlobalSection(ProjectConfigurationPlatforms) = postSolution
		{FE438347-D355-45BC-81EF-6104C95009A3}.Debug|Any CPU.ActiveCfg = Debug|Any CPU
		{FE438347-D355-45BC-81EF-6104C95009A3}.Debug|Any CPU.Build.0 = Debug|Any CPU
		{FE438347-D355-45BC-81EF-6104C95009A3}.Release|Any CPU.ActiveCfg = Release|Any CPU
		{FE438347-D355-45BC-81EF-6104C95009A3}.Release|Any CPU.Build.0 = Release|Any CPU
	EndGlobalSection
	GlobalSection(SolutionProperties) = preSolution
		HideSolutionNode = FALSE
	EndGlobalSection
	GlobalSection(ExtensibilityGlobals) = postSolution
		SolutionGuid = {7310D5DD-67E9-4A9F-AC17-114F0D48D023}
	EndGlobalSection
EndGlobal
